{
  "name": "@rsgcsg/sts2-host-runtime",
  "version": "1.1.0-rc.17",
  "lockfileVersion": 3,
  "requires": true,
  "packages": {
    "": {
      "name": "@rsgcsg/sts2-host-runtime",
      "version": "1.1.0-rc.17",
      "license": "MIT",
      "dependencies": {
        "@rsgcsg/sts2-connector-client": "https://github.com/rsgcsg/STS2-The-Pefect-Defect-Project/releases/download/compat/platform-import-v1/rsgcsg-sts2-connector-client-1.1.0-rc.1.tgz"
      },
      "bin": {
        "sts2-host-runtime": "tools/headless.mjs",
        "sts2-managed-pe-driver": "tools/managed-pe-driver.mjs"
      },
      "engines": {
        "node": ">=20"
      }
    },
    "node_modules/@rsgcsg/sts2-connector-client": {
      "version": "1.1.0-rc.1",
      "resolved": "https://github.com/rsgcsg/STS2-The-Pefect-Defect-Project/releases/download/compat/platform-import-v1/rsgcsg-sts2-connector-client-1.1.0-rc.1.tgz",
      "integrity": "sha512-XZMsrTEEb8h+reuckXAyxn+OwZKhG0LmgDuy99h09Masv7o6JNf4yikqVYKTITRZSLs0cZxFwgXYfUP7kNG6ZQ==",
      "license": "MIT",
      "dependencies": {
        "zod": "^3.25.76"
      },
      "engines": {
        "node": ">=20"
      }
    },
    "node_modules/zod": {
      "version": "3.25.76",
      "resolved": "https://registry.npmjs.org/zod/-/zod-3.25.76.tgz",
      "integrity": "sha512-gzUt/qt81nXsFGKIFcC3YnfEAx5NkunCfnDlvuBSSFS02bcXu4Lmea0AFIUwbLWxWPx3d9p8S5QoaujKcNQxcQ==",
      "license": "MIT",
      "funding": {
        "url": "https://github.com/sponsors/colinhacks"
      }
    }
  }
}
